// !$*UTF8*$!
{
	archiveVersion = 1;
	classes = {
	};
	objectVersion = 46;
	objects = {

/* Begin PBXBuildFile section */
		A58D42E01D675DC5002338BA /* AppDelegate.swift in Sources */ = {isa = PBXBuildFile; fileRef = A58D42DF1D675DC5002338BA /* AppDelegate.swift */; };
		A58D42E21D675DC5002338BA /* ViewController.swift in Sources */ = {isa = PBXBuildFile; fileRef = A58D42E11D675DC5002338BA /* ViewController.swift */; };
		A58D42E51D675DC5002338BA /* Main.storyboard in Resources */ = {isa = PBXBuildFile; fileRef = A58D42E31D675DC5002338BA /* Main.storyboard */; };
		A58D42E71D675DC5002338BA /* Assets.xcassets in Resources */ = {isa = PBXBuildFile; fileRef = A58D42E61D675DC5002338BA /* Assets.xcassets */; };
		A58D42EA1D675DC5002338BA /* LaunchScreen.storyboard in Resources */ = {isa = PBXBuildFile; fileRef = A58D42E81D675DC5002338BA /* LaunchScreen.storyboard */; };
		A58D42F21D677176002338BA /* DeviceModel.swift in Sources */ = {isa = PBXBuildFile; fileRef = A58D42F11D677176002338BA /* DeviceModel.swift */; };
		A58D42F61D6771FA002338BA /* systemInfo.m in Sources */ = {isa = PBXBuildFile; fileRef = A58D42F51D6771FA002338BA /* systemInfo.m */; };
/* End PBXBuildFile section */

/* Begin PBXFileReference section */
		A58D42DC1D675DC5002338BA /* FindthatModel.app */ = {isa = PBXFileReference; explicitFileType = wrapper.application; includeInIndex = 0; path = FindthatModel.app; sourceTree = BUILT_PRODUCTS_DIR; };
		A58D42DF1D675DC5002338BA /* AppDelegate.swift */ = {isa = PBXFileReference; lastKnownFileType = sourcecode.swift; path = AppDelegate.swift; sourceTree = "<group>"; };
		A58D42E11D675DC5002338BA /* ViewController.swift */ = {isa = PBXFileReference; lastKnownFileType = sourcecode.swift; path = ViewController.swift; sourceTree = "<group>"; };
		A58D42E41D675DC5002338BA /* Base */ = {isa = PBXFileReference; lastKnownFileType = file.storyboard; name = Base; path = Base.lproj/Main.storyboard; sourceTree = "<group>"; };
		A58D42E61D675DC5002338BA /* Assets.xcassets */ = {isa = PBXFileReference; lastKnownFileType = folder.assetcatalog; path = Assets.xcassets; sourceTree = "<group>"; };
		A58D42E91D675DC5002338BA /* Base */ = {isa = PBXFileReference; lastKnownFileType = file.storyboard; name = Base; path = Base.lproj/LaunchScreen.storyboard; sourceTree = "<group>"; };
		A58D42EB1D675DC5002338BA /* Info.plist */ = {isa = PBXFileReference; lastKnownFileType = text.plist.xml; path = Info.plist; sourceTree = "<group>"; };
		A58D42F11D677176002338BA /* DeviceModel.swift */ = {isa = PBXFileReference; fileEncoding = 4; lastKnownFileType = sourcecode.swift; path = DeviceModel.swift; sourceTree = "<group>"; };
		A58D42F31D6771F9002338BA /* FindthatModel-Bridging-Header.h */ = {isa = PBXFileReference; lastKnownFileType = sourcecode.c.h; path = "FindthatModel-Bridging-Header.h"; sourceTree = "<group>"; };
		A58D42F41D6771FA002338BA /* systemInfo.h */ = {isa = PBXFileReference; fileEncoding = 4; lastKnownFileType = sourcecode.c.h; path = systemInfo.h; sourceTree = "<group>"; };
		A58D42F51D6771FA002338BA /* systemInfo.m */ = {isa = PBXFileReference; fileEncoding = 4; lastKnownFileType = sourcecode.c.objc; path = systemInfo.m; sourceTree = "<group>"; };
/* End PBXFileReference section */

/* Begin PBXFrameworksBuildPhase section */
		A58D42D91D675DC5002338BA /* Frameworks */ = {
			isa = PBXFrameworksBuildPhase;
			buildActionMask = 2147483647;
			files = (
			);
			runOnlyForDeploymentPostprocessing = 0;
		};
/* End PBXFrameworksBuildPhase section */

/* Begin PBXGroup section */
		A58D42D31D675DC5002338BA = {
			isa = PBXGroup;
			children = (
				A58D42DE1D675DC5002338BA /* FindthatModel */,
				A58D42DD1D675DC5002338BA /* Products */,
			);
			sourceTree = "<group>";
		};
		A58D42DD1D675DC5002338BA /* Products */ = {
			isa = PBXGroup;
			children = (
				A58D42DC1D675DC5002338BA /* FindthatModel.app */,
			);
			name = Products;
			sourceTree = "<group>";
		};
		A58D42DE1D675DC5002338BA /* FindthatModel */ = {
			isa = PBXGroup;
			children = (
				A58D42DF1D675DC5002338BA /* AppDelegate.swift */,
				A58D42F11D677176002338BA /* DeviceModel.swift */,
				A58D42F41D6771FA002338BA /* systemInfo.h */,
				A58D42F51D6771FA002338BA /* systemInfo.m */,
				A58D42E11D675DC5002338BA /* ViewController.swift */,
				A58D42E31D675DC5002338BA /* Main.storyboard */,
				A58D42E61D675DC5002338BA /* Assets.xcassets */,
				A58D42E81D675DC5002338BA /* LaunchScreen.storyboard */,
				A58D42EB1D675DC5002338BA /* Info.plist */,
				A58D42F31D6771F9002338BA /* FindthatModel-Bridging-Header.h */,
			);
			path = FindthatModel;
			sourceTree = "<group>";
		};
/* End PBXGroup section */

/* Begin PBXNativeTarget section */
		A58D42DB1D675DC5002338BA /* FindthatModel */ = {
			isa = PBXNativeTarget;
			buildConfigurationList = A58D42EE1D675DC5002338BA /* Build configuration list for PBXNativeTarget "FindthatModel" */;
			buildPhases = (
				A58D42D81D675DC5002338BA /* Sources */,
				A58D42D91D675DC5002338BA /* Frameworks */,
				A58D42DA1D675DC5002338BA /* Resources */,
			);
			buildRules = (
			);
			dependencies = (
			);
			name = FindthatModel;
			productName = FindthatModel;
			productReference = A58D42DC1D675DC5002338BA /* FindthatModel.app */;
			productType = "com.apple.product-type.application";
		};
/* End PBXNativeTarget section */

/* Begin PBXProject section */
		A58D42D41D675DC5002338BA /* Project object */ = {
			isa = PBXProject;
			attributes = {
				LastSwiftUpdateCheck = 0800;
				LastUpgradeCheck = 0800;
				ORGANIZATIONNAME = "Mike Kane";
				TargetAttributes = {
					A58D42DB1D675DC5002338BA = {
						CreatedOnToolsVersion = 8.0;
						DevelopmentTeam = YNEH3B8QJ7;
						LastSwiftMigration = 0800;
						ProvisioningStyle = Automatic;
					};
				};
			};
			buildConfigurationList = A58D42D71D675DC5002338BA /* Build configuration list for PBXProject "FindthatModel" */;
			compatibilityVersion = "Xcode 3.2";
			developmentRegion = English;
			hasScannedForEncodings = 0;
			knownRegions = (
				en,
				Base,
			);
			mainGroup = A58D42D31D675DC5002338BA;
			productRefGroup = A58D42DD1D675DC5002338BA /* Products */;
			projectDirPath = "";
			projectRoot = "";
			targets = (
				A58D42DB1D675DC5002338BA /* FindthatModel */,
			);
		};
/* End PBXProject section */

/* Begin PBXResourcesBuildPhase section */
		A58D42DA1D675DC5002338BA /* Resources */ = {
			isa = PBXResourcesBuildPhase;
			buildActionMask = 2147483647;
			files = (
				A58D42EA1D675DC5002338BA /* LaunchScreen.storyboard in Resources */,
				A58D42E71D675DC5002338BA /* Assets.xcassets in Resources */,
				A58D42E51D675DC5002338BA /* Main.storyboard in Resources */,
			);
			runOnlyForDeploymentPostprocessing = 0;
		};
/* End PBXResourcesBuildPhase section */

/* Begin PBXSourcesBuildPhase section */
		A58D42D81D675DC5002338BA /* Sources */ = {
			isa = PBXSourcesBuildPhase;
			buildActionMask = 2147483647;
			files = (
				A58D42F61D6771FA002338BA /* systemInfo.m in Sources */,
				A58D42E21D675DC5002338BA /* ViewController.swift in Sources */,
				A58D42E01D675DC5002338BA /* AppDelegate.swift in Sources */,
				A58D42F21D677176002338BA /* DeviceModel.swift in Sources */,
			);
			runOnlyForDeploymentPostprocessing = 0;
		};
/* End PBXSourcesBuildPhase section */

/* Begin PBXVariantGroup section */
		A58D42E31D675DC5002338BA /* Main.storyboard */ = {
			isa = PBXVariantGroup;
			children = (
				A58D42E41D675DC5002338BA /* Base */,
			);
			name = Main.storyboard;
			sourceTree = "<group>";
		};
		A58D42E81D675DC5002338BA /* LaunchScreen.storyboard */ = {
			isa = PBXVariantGroup;
			children = (
				A58D42E91D675DC5002338BA /* Base */,
			);
			name = LaunchScreen.storyboard;
			sourceTree = "<group>";
		};
/* End PBXVariantGroup section */

/* Begin XCBuildConfiguration section */
		A58D42EC1D675DC5002338BA /* Debug */ = {
			isa = XCBuildConfiguration;
			buildSettings = {
				ALWAYS_SEARCH_USER_PATHS = NO;
				CLANG_ANALYZER_NONNULL = YES;
				CLANG_CXX_LANGUAGE_STANDARD = "gnu++0x";
				CLANG_CXX_LIBRARY = "libc++";
				CLANG_ENABLE_MODULES = YES;
				CLANG_ENABLE_OBJC_ARC = YES;
				CLANG_WARN_BOOL_CONVERSION = YES;
				CLANG_WARN_CONSTANT_CONVERSION = YES;
				CLANG_WARN_DIRECT_OBJC_ISA_USAGE = YES_ERROR;
				CLANG_WARN_DOCUMENTATION_COMMENTS = YES;
				CLANG_WARN_EMPTY_BODY = YES;
				CLANG_WARN_ENUM_CONVERSION = YES;
				CLANG_WARN_INFINITE_RECURSION = YES;
				CLANG_WARN_INT_CONVERSION = YES;
				CLANG_WARN_OBJC_ROOT_CLASS = YES_ERROR;
				CLANG_WARN_SUSPICIOUS_MOVES = YES;
				CLANG_WARN_UNREACHABLE_CODE = YES;
				CLANG_WARN__DUPLICATE_METHOD_MATCH = YES;
				"CODE_SIGN_IDENTITY[sdk=iphoneos*]" = "iPhone Developer";
				COPY_PHASE_STRIP = NO;
				DEBUG_INFORMATION_FORMAT = dwarf;
				ENABLE_STRICT_OBJC_MSGSEND = YES;
				ENABLE_TESTABILITY = YES;
				GCC_C_LANGUAGE_STANDARD = gnu99;
				GCC_DYNAMIC_NO_PIC = NO;
				GCC_NO_COMMON_BLOCKS = YES;
				GCC_OPTIMIZATION_LEVEL = 0;
				GCC_PREPROCESSOR_DEFINITIONS = (
					"DEBUG=1",
					"$(inherited)",
				);
				GCC_WARN_64_TO_32_BIT_CONVERSION = YES;
				GCC_WARN_ABOUT_RETURN_TYPE = YES_ERROR;
				GCC_WARN_UNDECLARED_SELECTOR = YES;
				GCC_WARN_UNINITIALIZED_AUTOS = YES_AGGRESSIVE;
				GCC_WARN_UNUSED_FUNCTION = YES;
				GCC_WARN_UNUSED_VARIABLE = YES;
				IPHONEOS_DEPLOYMENT_TARGET = 10.0;
				MTL_ENABLE_DEBUG_INFO = YES;
				ONLY_ACTIVE_ARCH = YES;
				SDKROOT = iphoneos;
				SWIFT_ACTIVE_COMPILATION_CONDITIONS = DEBUG;
				SWIFT_OPTIMIZATION_LEVEL = "-Onone";
				TARGETED_DEVICE_FAMILY = "1,2";
			};
			name = Debug;
		};
		A58D42ED1D675DC5002338BA /* Release */ = {
			isa = XCBuildConfiguration;
			buildSettings = {
				ALWAYS_SEARCH_USER_PATHS = NO;
				CLANG_ANALYZER_NONNULL = YES;
				CLANG_CXX_LANGUAGE_STANDARD = "gnu++0x";
				CLANG_CXX_LIBRARY = "libc++";
				CLANG_ENABLE_MODULES = YES;
				CLANG_ENABLE_OBJC_ARC = YES;
				CLANG_WARN_BOOL_CONVERSION = YES;
				CLANG_WARN_CONSTANT_CONVERSION = YES;
				CLANG_WARN_DIRECT_OBJC_ISA_USAGE = YES_ERROR;
				CLANG_WARN_DOCUMENTATION_COMMENTS = YES;
				CLANG_WARN_EMPTY_BODY = YES;
				CLANG_WARN_ENUM_CONVERSION = YES;
				CLANG_WARN_INFINITE_RECURSION = YES;
				CLANG_WARN_INT_CONVERSION = YES;
				CLANG_WARN_OBJC_ROOT_CLASS = YES_ERROR;
				CLANG_WARN_SUSPICIOUS_MOVES = YES;
				CLANG_WARN_UNREACHABLE_CODE = YES;
				CLANG_WARN__DUPLICATE_METHOD_MATCH = YES;
				"CODE_SIGN_IDENTITY[sdk=iphoneos*]" = "iPhone Developer";
				COPY_PHASE_STRIP = NO;
				DEBUG_INFORMATION_FORMAT = "dwarf-with-dsym";
				ENABLE_NS_ASSERTIONS = NO;
				ENABLE_STRICT_OBJC_MSGSEND = YES;
				GCC_C_LANGUAGE_STANDARD = gnu99;
				GCC_NO_COMMON_BLOCKS = YES;
				GCC_WARN_64_TO_32_BIT_CONVERSION = YES;
				GCC_WARN_ABOUT_RETURN_TYPE = YES_ERROR;
				GCC_WARN_UNDECLARED_SELECTOR = YES;
				GCC_WARN_UNINITIALIZED_AUTOS = YES_AGGRESSIVE;
				GCC_WARN_UNUSED_FUNCTION = YES;
				GCC_WARN_UNUSED_VARIABLE = YES;
				IPHONEOS_DEPLOYMENT_TARGET = 10.0;
				MTL_ENABLE_DEBUG_INFO = NO;
				SDKROOT = iphoneos;
				SWIFT_OPTIMIZATION_LEVEL = "-Owholemodule";
				TARGETED_DEVICE_FAMILY = "1,2";
				VALIDATE_PRODUCT = YES;
			};
			name = Release;
		};
		A58D42EF1D675DC5002338BA /* Debug */ = {
			isa = XCBuildConfiguration;
			buildSettings = {
				ASSETCATALOG_COMPILER_APPICON_NAME = AppIcon;
				CLANG_ENABLE_MODULES = YES;
				DEVELOPMENT_TEAM = YNEH3B8QJ7;
				INFOPLIST_FILE = FindthatModel/Info.plist;
				LD_RUNPATH_SEARCH_PATHS = "$(inherited) @executable_path/Frameworks";
				PRODUCT_BUNDLE_IDENTIFIER = com.MikeKane.FindthatModel;
				PRODUCT_NAME = "$(TARGET_NAME)";
				SWIFT_OBJC_BRIDGING_HEADER = "FindthatModel/FindthatModel-Bridging-Header.h";
				SWIFT_OPTIMIZATION_LEVEL = "-Onone";
				SWIFT_VERSION = 3.0;
			};
			name = Debug;
		};
		A58D42F01D675DC5002338BA /* Release */ = {
			isa = XCBuildConfiguration;
			buildSettings = {
				ASSETCATALOG_COMPILER_APPICON_NAME = AppIcon;
				CLANG_ENABLE_MODULES = YES;
				DEVELOPMENT_TEAM = YNEH3B8QJ7;
				INFOPLIST_FILE = FindthatModel/Info.plist;
				LD_RUNPATH_SEARCH_PATHS = "$(inherited) @executable_path/Frameworks";
				PRODUCT_BUNDLE_IDENTIFIER = com.MikeKane.FindthatModel;
				PRODUCT_NAME = "$(TARGET_NAME)";
				SWIFT_OBJC_BRIDGING_HEADER = "FindthatModel/FindthatModel-Bridging-Header.h";
				SWIFT_VERSION = 3.0;
			};
			name = Release;
		};
/* End XCBuildConfiguration section */

/* Begin XCConfigurationList section */
		A58D42D71D675DC5002338BA /* Build configuration list for PBXProject "FindthatModel" */ = {
			isa = XCConfigurationList;
			buildConfigurations = (
				A58D42EC1D675DC5002338BA /* Debug */,
				A58D42ED1D675DC5002338BA /* Release */,
			);
			defaultConfigurationIsVisible = 0;
			defaultConfigurationName = Release;
		};
		A58D42EE1D675DC5002338BA /* Build configuration list for PBXNativeTarget "FindthatModel" */ = {
			isa = XCConfigurationList;
			buildConfigurations = (
				A58D42EF1D675DC5002338BA /* Debug */,
				A58D42F01D675DC5002338BA /* Release */,
			);
			defaultConfigurationIsVisible = 0;
		};
/* End XCConfigurationList section */
	};
	rootObject = A58D42D41D675DC5002338BA /* Project object */;
}
